
Microsoft Visual Studio Solution File, Format Version 12.00
# Visual Studio Version 17
VisualStudioVersion = 17.14.36327.8
MinimumVisualStudioVersion = 10.0.40219.1
Project("{FAE04EC0-301F-11D3-BF4B-00C04F79EFBC}") = "TitlePageGenerator", "WindowsFormsApp1\TitlePageGenerator.csproj", "{4162755D-CBDF-4121-AA20-F372F0C3942E}"
EndProject
Global
	GlobalSection(SolutionConfigurationPlatforms) = preSolution
		Debug|Any CPU = Debug|Any CPU
		Release|Any CPU = Release|Any CPU
	EndGlobalSection
	GlobalSection(ProjectConfigurationPlatforms) = postSolution
		{4162755D-CBDF-4121-AA20-F372F0C3942E}.Debug|Any CPU.ActiveCfg = Debug|Any CPU
		{4162755D-CBDF-4121-AA20-F372F0C3942E}.Debug|Any CPU.Build.0 = Debug|Any CPU
		{4162755D-CBDF-4121-AA20-F372F0C3942E}.Release|Any CPU.ActiveCfg = Release|Any CPU
		{4162755D-CBDF-4121-AA20-F372F0C3942E}.Release|Any CPU.Build.0 = Release|Any CPU
	EndGlobalSection
	GlobalSection(SolutionProperties) = preSolution
		HideSolutionNode = FALSE
	EndGlobalSection
	GlobalSection(ExtensibilityGlobals) = postSolution
		SolutionGuid = {18251BC6-40A6-4C51-9182-5FDA041F3B17}
	EndGlobalSection
EndGlobal
